
Microsoft Visual Studio Solution File, Format Version 12.00
# Visual Studio Version 17
VisualStudioVersion = 17.2.32526.322
MinimumVisualStudioVersion = 10.0.40219.1
Project("{9A19103F-16F7-4668-BE54-9A1E7A4F7556}") = "Koleksiyonlar-Soru-1", "BirinciSoru\Koleksiyonlar-Soru-1.csproj", "{95D87148-979E-46B2-A357-91A14F611D3D}"
EndProject
Project("{9A19103F-16F7-4668-BE54-9A1E7A4F7556}") = "Koleksiyonlar-Soru-2", "IkinciSoru\Koleksiyonlar-Soru-2.csproj", "{BE52A4F1-2709-407D-89CC-87060C775D14}"
EndProject
Project("{FAE04EC0-301F-11D3-BF4B-00C04F79EFBC}") = "Koleksiyonlar-Soru-3", "Koleksiyonlar-Soru-3\Koleksiyonlar-Soru-3.csproj", "{43908D8D-6462-45D2-98A0-697CB920D1C3}"
EndProject
Global
	GlobalSection(SolutionConfigurationPlatforms) = preSolution
		Debug|Any CPU = Debug|Any CPU
		Release|Any CPU = Release|Any CPU
	EndGlobalSection
	GlobalSection(ProjectConfigurationPlatforms) = postSolution
		{95D87148-979E-46B2-A357-91A14F611D3D}.Debug|Any CPU.ActiveCfg = Debug|Any CPU
		{95D87148-979E-46B2-A357-91A14F611D3D}.Debug|Any CPU.Build.0 = Debug|Any CPU
		{95D87148-979E-46B2-A357-91A14F611D3D}.Release|Any CPU.ActiveCfg = Release|Any CPU
		{95D87148-979E-46B2-A357-91A14F611D3D}.Release|Any CPU.Build.0 = Release|Any CPU
		{BE52A4F1-2709-407D-89CC-87060C775D14}.Debug|Any CPU.ActiveCfg = Debug|Any CPU
		{BE52A4F1-2709-407D-89CC-87060C775D14}.Debug|Any CPU.Build.0 = Debug|Any CPU
		{BE52A4F1-2709-407D-89CC-87060C775D14}.Release|Any CPU.ActiveCfg = Release|Any CPU
		{BE52A4F1-2709-407D-89CC-87060C775D14}.Release|Any CPU.Build.0 = Release|Any CPU
		{43908D8D-6462-45D2-98A0-697CB920D1C3}.Debug|Any CPU.ActiveCfg = Debug|Any CPU
		{43908D8D-6462-45D2-98A0-697CB920D1C3}.Debug|Any CPU.Build.0 = Debug|Any CPU
		{43908D8D-6462-45D2-98A0-697CB920D1C3}.Release|Any CPU.ActiveCfg = Release|Any CPU
		{43908D8D-6462-45D2-98A0-697CB920D1C3}.Release|Any CPU.Build.0 = Release|Any CPU
	EndGlobalSection
	GlobalSection(SolutionProperties) = preSolution
		HideSolutionNode = FALSE
	EndGlobalSection
	GlobalSection(ExtensibilityGlobals) = postSolution
		SolutionGuid = {8326D3E5-0AAD-4D61-828F-E7C22F857D59}
	EndGlobalSection
EndGlobal
